// !$*UTF8*$!
{
	archiveVersion = 1;
	classes = {
	};
	objectVersion = 77;
	objects = {

/* Begin PBXBuildFile section */
		CD4380682DEF69320095674D /* DotLottie in Frameworks */ = {isa = PBXBuildFile; productRef = CD4380672DEF69320095674D /* DotLottie */; };
/* End PBXBuildFile section */

/* Begin PBXContainerItemProxy section */
		CDBB5C192DBAB83900C5D42D /* PBXContainerItemProxy */ = {
			isa = PBXContainerItemProxy;
			containerPortal = CDBB5C032DBAB83800C5D42D /* Project object */;
			proxyType = 1;
			remoteGlobalIDString = CDBB5C0A2DBAB83800C5D42D;
			remoteInfo = Kitchen;
		};
		CDBB5C232DBAB83900C5D42D /* PBXContainerItemProxy */ = {
			isa = PBXContainerItemProxy;
			containerPortal = CDBB5C032DBAB83800C5D42D /* Project object */;
			proxyType = 1;
			remoteGlobalIDString = CDBB5C0A2DBAB83800C5D42D;
			remoteInfo = Kitchen;
		};
/* End PBXContainerItemProxy section */

/* Begin PBXFileReference section */
		CDBB5C0B2DBAB83800C5D42D /* Sabour.app */ = {isa = PBXFileReference; explicitFileType = wrapper.application; includeInIndex = 0; path = Sabour.app; sourceTree = BUILT_PRODUCTS_DIR; };
		CDBB5C182DBAB83900C5D42D /* SabourTests.xctest */ = {isa = PBXFileReference; explicitFileType = wrapper.cfbundle; includeInIndex = 0; path = SabourTests.xctest; sourceTree = BUILT_PRODUCTS_DIR; };
		CDBB5C222DBAB83900C5D42D /* SabourUITests.xctest */ = {isa = PBXFileReference; explicitFileType = wrapper.cfbundle; includeInIndex = 0; path = SabourUITests.xctest; sourceTree = BUILT_PRODUCTS_DIR; };
/* End PBXFileReference section */

/* Begin PBXFileSystemSynchronizedBuildFileExceptionSet section */
		CDEC36FA2DDF9AC400F9D145 /* Exceptions for "Sabour" folder in "Sabour" target */ = {
			isa = PBXFileSystemSynchronizedBuildFileExceptionSet;
			membershipExceptions = (
				Info.plist,
			);
			target = CDBB5C0A2DBAB83800C5D42D /* Sabour */;
		};
/* End PBXFileSystemSynchronizedBuildFileExceptionSet section */

/* Begin PBXFileSystemSynchronizedRootGroup section */
		CDBB5C0D2DBAB83800C5D42D /* Sabour */ = {
			isa = PBXFileSystemSynchronizedRootGroup;
			exceptions = (
				CDEC36FA2DDF9AC400F9D145 /* Exceptions for "Sabour" folder in "Sabour" target */,
			);
			path = Sabour;
			sourceTree = "<group>";
		};
		CDBB5C1B2DBAB83900C5D42D /* SabourTests */ = {
			isa = PBXFileSystemSynchronizedRootGroup;
			path = SabourTests;
			sourceTree = "<group>";
		};
		CDBB5C252DBAB83900C5D42D /* SabourUITests */ = {
			isa = PBXFileSystemSynchronizedRootGroup;
			path = SabourUITests;
			sourceTree = "<group>";
		};
/* End PBXFileSystemSynchronizedRootGroup section */

/* Begin PBXFrameworksBuildPhase section */
		CDBB5C082DBAB83800C5D42D /* Frameworks */ = {
			isa = PBXFrameworksBuildPhase;
			buildActionMask = 2147483647;
			files = (
				CD4380682DEF69320095674D /* DotLottie in Frameworks */,
			);
			runOnlyForDeploymentPostprocessing = 0;
		};
		CDBB5C152DBAB83900C5D42D /* Frameworks */ = {
			isa = PBXFrameworksBuildPhase;
			buildActionMask = 2147483647;
			files = (
			);
			runOnlyForDeploymentPostprocessing = 0;
		};
		CDBB5C1F2DBAB83900C5D42D /* Frameworks */ = {
			isa = PBXFrameworksBuildPhase;
			buildActionMask = 2147483647;
			files = (
			);
			runOnlyForDeploymentPostprocessing = 0;
		};
/* End PBXFrameworksBuildPhase section */

/* Begin PBXGroup section */
		CDBB5C022DBAB83800C5D42D = {
			isa = PBXGroup;
			children = (
				CDBB5C0D2DBAB83800C5D42D /* Sabour */,
				CDBB5C1B2DBAB83900C5D42D /* SabourTests */,
				CDBB5C252DBAB83900C5D42D /* SabourUITests */,
				CDBB5C0C2DBAB83800C5D42D /* Products */,
			);
			sourceTree = "<group>";
		};
		CDBB5C0C2DBAB83800C5D42D /* Products */ = {
			isa = PBXGroup;
			children = (
				CDBB5C0B2DBAB83800C5D42D /* Sabour.app */,
				CDBB5C182DBAB83900C5D42D /* SabourTests.xctest */,
				CDBB5C222DBAB83900C5D42D /* SabourUITests.xctest */,
			);
			name = Products;
			sourceTree = "<group>";
		};
/* End PBXGroup section */

/* Begin PBXNativeTarget section */
		CDBB5C0A2DBAB83800C5D42D /* Sabour */ = {
			isa = PBXNativeTarget;
			buildConfigurationList = CDBB5C2C2DBAB83900C5D42D /* Build configuration list for PBXNativeTarget "Sabour" */;
			buildPhases = (
				CDBB5C072DBAB83800C5D42D /* Sources */,
				CDBB5C082DBAB83800C5D42D /* Frameworks */,
				CDBB5C092DBAB83800C5D42D /* Resources */,
			);
			buildRules = (
			);
			dependencies = (
			);
			fileSystemSynchronizedGroups = (
				CDBB5C0D2DBAB83800C5D42D /* Sabour */,
			);
			name = Sabour;
			packageProductDependencies = (
				CD4380672DEF69320095674D /* DotLottie */,
			);
			productName = Kitchen;
			productReference = CDBB5C0B2DBAB83800C5D42D /* Sabour.app */;
			productType = "com.apple.product-type.application";
		};
		CDBB5C172DBAB83900C5D42D /* SabourTests */ = {
			isa = PBXNativeTarget;
			buildConfigurationList = CDBB5C2F2DBAB83900C5D42D /* Build configuration list for PBXNativeTarget "SabourTests" */;
			buildPhases = (
				CDBB5C142DBAB83900C5D42D /* Sources */,
				CDBB5C152DBAB83900C5D42D /* Frameworks */,
				CDBB5C162DBAB83900C5D42D /* Resources */,
			);
			buildRules = (
			);
			dependencies = (
				CDBB5C1A2DBAB83900C5D42D /* PBXTargetDependency */,
			);
			fileSystemSynchronizedGroups = (
				CDBB5C1B2DBAB83900C5D42D /* SabourTests */,
			);
			name = SabourTests;
			packageProductDependencies = (
			);
			productName = KitchenTests;
			productReference = CDBB5C182DBAB83900C5D42D /* SabourTests.xctest */;
			productType = "com.apple.product-type.bundle.unit-test";
		};
		CDBB5C212DBAB83900C5D42D /* SabourUITests */ = {
			isa = PBXNativeTarget;
			buildConfigurationList = CDBB5C322DBAB83900C5D42D /* Build configuration list for PBXNativeTarget "SabourUITests" */;
			buildPhases = (
				CDBB5C1E2DBAB83900C5D42D /* Sources */,
				CDBB5C1F2DBAB83900C5D42D /* Frameworks */,
				CDBB5C202DBAB83900C5D42D /* Resources */,
			);
			buildRules = (
			);
			dependencies = (
				CDBB5C242DBAB83900C5D42D /* PBXTargetDependency */,
			);
			fileSystemSynchronizedGroups = (
				CDBB5C252DBAB83900C5D42D /* SabourUITests */,
			);
			name = SabourUITests;
			packageProductDependencies = (
			);
			productName = KitchenUITests;
			productReference = CDBB5C222DBAB83900C5D42D /* SabourUITests.xctest */;
			productType = "com.apple.product-type.bundle.ui-testing";
		};
/* End PBXNativeTarget section */

/* Begin PBXProject section */
		CDBB5C032DBAB83800C5D42D /* Project object */ = {
			isa = PBXProject;
			attributes = {
				BuildIndependentTargetsInParallel = 1;
				LastSwiftUpdateCheck = 1630;
				LastUpgradeCheck = 1630;
				TargetAttributes = {
					CDBB5C0A2DBAB83800C5D42D = {
						CreatedOnToolsVersion = 16.3;
					};
					CDBB5C172DBAB83900C5D42D = {
						CreatedOnToolsVersion = 16.3;
						TestTargetID = CDBB5C0A2DBAB83800C5D42D;
					};
					CDBB5C212DBAB83900C5D42D = {
						CreatedOnToolsVersion = 16.3;
						TestTargetID = CDBB5C0A2DBAB83800C5D42D;
					};
				};
			};
			buildConfigurationList = CDBB5C062DBAB83800C5D42D /* Build configuration list for PBXProject "Sabour" */;
			developmentRegion = "pt-BR";
			hasScannedForEncodings = 0;
			knownRegions = (
				en,
				Base,
				"pt-BR",
			);
			mainGroup = CDBB5C022DBAB83800C5D42D;
			minimizedProjectReferenceProxies = 1;
			packageReferences = (
				CD4380662DEF67FC0095674D /* XCRemoteSwiftPackageReference "dotlottie-ios" */,
			);
			preferredProjectObjectVersion = 77;
			productRefGroup = CDBB5C0C2DBAB83800C5D42D /* Products */;
			projectDirPath = "";
			projectRoot = "";
			targets = (
				CDBB5C0A2DBAB83800C5D42D /* Sabour */,
				CDBB5C172DBAB83900C5D42D /* SabourTests */,
				CDBB5C212DBAB83900C5D42D /* SabourUITests */,
			);
		};
/* End PBXProject section */

/* Begin PBXResourcesBuildPhase section */
		CDBB5C092DBAB83800C5D42D /* Resources */ = {
			isa = PBXResourcesBuildPhase;
			buildActionMask = 2147483647;
			files = (
			);
			runOnlyForDeploymentPostprocessing = 0;
		};
		CDBB5C162DBAB83900C5D42D /* Resources */ = {
			isa = PBXResourcesBuildPhase;
			buildActionMask = 2147483647;
			files = (
			);
			runOnlyForDeploymentPostprocessing = 0;
		};
		CDBB5C202DBAB83900C5D42D /* Resources */ = {
			isa = PBXResourcesBuildPhase;
			buildActionMask = 2147483647;
			files = (
			);
			runOnlyForDeploymentPostprocessing = 0;
		};
/* End PBXResourcesBuildPhase section */

/* Begin PBXSourcesBuildPhase section */
		CDBB5C072DBAB83800C5D42D /* Sources */ = {
			isa = PBXSourcesBuildPhase;
			buildActionMask = 2147483647;
			files = (
			);
			runOnlyForDeploymentPostprocessing = 0;
		};
		CDBB5C142DBAB83900C5D42D /* Sources */ = {
			isa = PBXSourcesBuildPhase;
			buildActionMask = 2147483647;
			files = (
			);
			runOnlyForDeploymentPostprocessing = 0;
		};
		CDBB5C1E2DBAB83900C5D42D /* Sources */ = {
			isa = PBXSourcesBuildPhase;
			buildActionMask = 2147483647;
			files = (
			);
			runOnlyForDeploymentPostprocessing = 0;
		};
/* End PBXSourcesBuildPhase section */

/* Begin PBXTargetDependency section */
		CDBB5C1A2DBAB83900C5D42D /* PBXTargetDependency */ = {
			isa = PBXTargetDependency;
			target = CDBB5C0A2DBAB83800C5D42D /* Sabour */;
			targetProxy = CDBB5C192DBAB83900C5D42D /* PBXContainerItemProxy */;
		};
		CDBB5C242DBAB83900C5D42D /* PBXTargetDependency */ = {
			isa = PBXTargetDependency;
			target = CDBB5C0A2DBAB83800C5D42D /* Sabour */;
			targetProxy = CDBB5C232DBAB83900C5D42D /* PBXContainerItemProxy */;
		};
/* End PBXTargetDependency section */

/* Begin XCBuildConfiguration section */
		CDBB5C2A2DBAB83900C5D42D /* Debug */ = {
			isa = XCBuildConfiguration;
			buildSettings = {
				ALWAYS_SEARCH_USER_PATHS = NO;
				ASSETCATALOG_COMPILER_GENERATE_SWIFT_ASSET_SYMBOL_EXTENSIONS = YES;
				CLANG_ANALYZER_NONNULL = YES;
				CLANG_ANALYZER_NUMBER_OBJECT_CONVERSION = YES_AGGRESSIVE;
				CLANG_CXX_LANGUAGE_STANDARD = "gnu++20";
				CLANG_ENABLE_MODULES = YES;
				CLANG_ENABLE_OBJC_ARC = YES;
				CLANG_ENABLE_OBJC_WEAK = YES;
				CLANG_WARN_BLOCK_CAPTURE_AUTORELEASING = YES;
				CLANG_WARN_BOOL_CONVERSION = YES;
				CLANG_WARN_COMMA = YES;
				CLANG_WARN_CONSTANT_CONVERSION = YES;
				CLANG_WARN_DEPRECATED_OBJC_IMPLEMENTATIONS = YES;
				CLANG_WARN_DIRECT_OBJC_ISA_USAGE = YES_ERROR;
				CLANG_WARN_DOCUMENTATION_COMMENTS = YES;
				CLANG_WARN_EMPTY_BODY = YES;
				CLANG_WARN_ENUM_CONVERSION = YES;
				CLANG_WARN_INFINITE_RECURSION = YES;
				CLANG_WARN_INT_CONVERSION = YES;
				CLANG_WARN_NON_LITERAL_NULL_CONVERSION = YES;
				CLANG_WARN_OBJC_IMPLICIT_RETAIN_SELF = YES;
				CLANG_WARN_OBJC_LITERAL_CONVERSION = YES;
				CLANG_WARN_OBJC_ROOT_CLASS = YES_ERROR;
				CLANG_WARN_QUOTED_INCLUDE_IN_FRAMEWORK_HEADER = YES;
				CLANG_WARN_RANGE_LOOP_ANALYSIS = YES;
				CLANG_WARN_STRICT_PROTOTYPES = YES;
				CLANG_WARN_SUSPICIOUS_MOVE = YES;
				CLANG_WARN_UNGUARDED_AVAILABILITY = YES_AGGRESSIVE;
				CLANG_WARN_UNREACHABLE_CODE = YES;
				CLANG_WARN__DUPLICATE_METHOD_MATCH = YES;
				COPY_PHASE_STRIP = NO;
				DEBUG_INFORMATION_FORMAT = dwarf;
				ENABLE_STRICT_OBJC_MSGSEND = YES;
				ENABLE_TESTABILITY = YES;
				ENABLE_USER_SCRIPT_SANDBOXING = YES;
				GCC_C_LANGUAGE_STANDARD = gnu17;
				GCC_DYNAMIC_NO_PIC = NO;
				GCC_NO_COMMON_BLOCKS = YES;
				GCC_OPTIMIZATION_LEVEL = 0;
				GCC_PREPROCESSOR_DEFINITIONS = (
					"DEBUG=1",
					"$(inherited)",
				);
				GCC_WARN_64_TO_32_BIT_CONVERSION = YES;
				GCC_WARN_ABOUT_RETURN_TYPE = YES_ERROR;
				GCC_WARN_UNDECLARED_SELECTOR = YES;
				GCC_WARN_UNINITIALIZED_AUTOS = YES_AGGRESSIVE;
				GCC_WARN_UNUSED_FUNCTION = YES;
				GCC_WARN_UNUSED_VARIABLE = YES;
				IPHONEOS_DEPLOYMENT_TARGET = 18.4;
				LOCALIZATION_PREFERS_STRING_CATALOGS = YES;
				MTL_ENABLE_DEBUG_INFO = INCLUDE_SOURCE;
				MTL_FAST_MATH = YES;
				ONLY_ACTIVE_ARCH = YES;
				SDKROOT = iphoneos;
				SWIFT_ACTIVE_COMPILATION_CONDITIONS = "DEBUG $(inherited)";
				SWIFT_OPTIMIZATION_LEVEL = "-Onone";
			};
			name = Debug;
		};
		CDBB5C2B2DBAB83900C5D42D /* Release */ = {
			isa = XCBuildConfiguration;
			buildSettings = {
				ALWAYS_SEARCH_USER_PATHS = NO;
				ASSETCATALOG_COMPILER_GENERATE_SWIFT_ASSET_SYMBOL_EXTENSIONS = YES;
				CLANG_ANALYZER_NONNULL = YES;
				CLANG_ANALYZER_NUMBER_OBJECT_CONVERSION = YES_AGGRESSIVE;
				CLANG_CXX_LANGUAGE_STANDARD = "gnu++20";
				CLANG_ENABLE_MODULES = YES;
				CLANG_ENABLE_OBJC_ARC = YES;
				CLANG_ENABLE_OBJC_WEAK = YES;
				CLANG_WARN_BLOCK_CAPTURE_AUTORELEASING = YES;
				CLANG_WARN_BOOL_CONVERSION = YES;
				CLANG_WARN_COMMA = YES;
				CLANG_WARN_CONSTANT_CONVERSION = YES;
				CLANG_WARN_DEPRECATED_OBJC_IMPLEMENTATIONS = YES;
				CLANG_WARN_DIRECT_OBJC_ISA_USAGE = YES_ERROR;
				CLANG_WARN_DOCUMENTATION_COMMENTS = YES;
				CLANG_WARN_EMPTY_BODY = YES;
				CLANG_WARN_ENUM_CONVERSION = YES;
				CLANG_WARN_INFINITE_RECURSION = YES;
				CLANG_WARN_INT_CONVERSION = YES;
				CLANG_WARN_NON_LITERAL_NULL_CONVERSION = YES;
				CLANG_WARN_OBJC_IMPLICIT_RETAIN_SELF = YES;
				CLANG_WARN_OBJC_LITERAL_CONVERSION = YES;
				CLANG_WARN_OBJC_ROOT_CLASS = YES_ERROR;
				CLANG_WARN_QUOTED_INCLUDE_IN_FRAMEWORK_HEADER = YES;
				CLANG_WARN_RANGE_LOOP_ANALYSIS = YES;
				CLANG_WARN_STRICT_PROTOTYPES = YES;
				CLANG_WARN_SUSPICIOUS_MOVE = YES;
				CLANG_WARN_UNGUARDED_AVAILABILITY = YES_AGGRESSIVE;
				CLANG_WARN_UNREACHABLE_CODE = YES;
				CLANG_WARN__DUPLICATE_METHOD_MATCH = YES;
				COPY_PHASE_STRIP = NO;
				DEBUG_INFORMATION_FORMAT = "dwarf-with-dsym";
				ENABLE_NS_ASSERTIONS = NO;
				ENABLE_STRICT_OBJC_MSGSEND = YES;
				ENABLE_USER_SCRIPT_SANDBOXING = YES;
				GCC_C_LANGUAGE_STANDARD = gnu17;
				GCC_NO_COMMON_BLOCKS = YES;
				GCC_WARN_64_TO_32_BIT_CONVERSION = YES;
				GCC_WARN_ABOUT_RETURN_TYPE = YES_ERROR;
				GCC_WARN_UNDECLARED_SELECTOR = YES;
				GCC_WARN_UNINITIALIZED_AUTOS = YES_AGGRESSIVE;
				GCC_WARN_UNUSED_FUNCTION = YES;
				GCC_WARN_UNUSED_VARIABLE = YES;
				IPHONEOS_DEPLOYMENT_TARGET = 18.4;
				LOCALIZATION_PREFERS_STRING_CATALOGS = YES;
				MTL_ENABLE_DEBUG_INFO = NO;
				MTL_FAST_MATH = YES;
				SDKROOT = iphoneos;
				SWIFT_COMPILATION_MODE = wholemodule;
				VALIDATE_PRODUCT = YES;
			};
			name = Release;
		};
		CDBB5C2D2DBAB83900C5D42D /* Debug */ = {
			isa = XCBuildConfiguration;
			buildSettings = {
				ASSETCATALOG_COMPILER_APPICON_NAME = AppIcon;
				ASSETCATALOG_COMPILER_GLOBAL_ACCENT_COLOR_NAME = AccentColor;
				ASSETCATALOG_COMPILER_INCLUDE_ALL_APPICON_ASSETS = NO;
				CODE_SIGN_STYLE = Automatic;
				CURRENT_PROJECT_VERSION = 1;
				DEVELOPMENT_TEAM = 8YAD22YX6D;
				ENABLE_PREVIEWS = YES;
				GENERATE_INFOPLIST_FILE = YES;
				INFOPLIST_FILE = Sabour/Info.plist;
				INFOPLIST_KEY_CFBundleDisplayName = Sabour;
				INFOPLIST_KEY_LSApplicationCategoryType = "public.app-category.educational-games";
				INFOPLIST_KEY_UIApplicationSceneManifest_Generation = YES;
				INFOPLIST_KEY_UIApplicationSupportsIndirectInputEvents = YES;
				INFOPLIST_KEY_UILaunchScreen_Generation = YES;
				INFOPLIST_KEY_UIStatusBarStyle = "";
				INFOPLIST_KEY_UISupportedInterfaceOrientations = UIInterfaceOrientationPortrait;
				IPHONEOS_DEPLOYMENT_TARGET = 18.0;
				LD_RUNPATH_SEARCH_PATHS = (
					"$(inherited)",
					"@executable_path/Frameworks",
				);
				MARKETING_VERSION = 1.0;
				PRODUCT_BUNDLE_IDENTIFIER = com.Academy.Sabour;
				PRODUCT_NAME = "$(TARGET_NAME)";
				SUPPORTED_PLATFORMS = "iphoneos iphonesimulator";
				SUPPORTS_MACCATALYST = NO;
				SWIFT_EMIT_LOC_STRINGS = YES;
				SWIFT_VERSION = 5.0;
				TARGETED_DEVICE_FAMILY = 1;
			};
			name = Debug;
		};
		CDBB5C2E2DBAB83900C5D42D /* Release */ = {
			isa = XCBuildConfiguration;
			buildSettings = {
				ASSETCATALOG_COMPILER_APPICON_NAME = AppIcon;
				ASSETCATALOG_COMPILER_GLOBAL_ACCENT_COLOR_NAME = AccentColor;
				ASSETCATALOG_COMPILER_INCLUDE_ALL_APPICON_ASSETS = NO;
				CODE_SIGN_STYLE = Automatic;
				CURRENT_PROJECT_VERSION = 1;
				DEVELOPMENT_TEAM = 8YAD22YX6D;
				ENABLE_PREVIEWS = YES;
				GENERATE_INFOPLIST_FILE = YES;
				INFOPLIST_FILE = Sabour/Info.plist;
				INFOPLIST_KEY_CFBundleDisplayName = Sabour;
				INFOPLIST_KEY_LSApplicationCategoryType = "public.app-category.educational-games";
				INFOPLIST_KEY_UIApplicationSceneManifest_Generation = YES;
				INFOPLIST_KEY_UIApplicationSupportsIndirectInputEvents = YES;
				INFOPLIST_KEY_UILaunchScreen_Generation = YES;
				INFOPLIST_KEY_UIStatusBarStyle = "";
				INFOPLIST_KEY_UISupportedInterfaceOrientations = UIInterfaceOrientationPortrait;
				IPHONEOS_DEPLOYMENT_TARGET = 18.0;
				LD_RUNPATH_SEARCH_PATHS = (
					"$(inherited)",
					"@executable_path/Frameworks",
				);
				MARKETING_VERSION = 1.0;
				PRODUCT_BUNDLE_IDENTIFIER = com.Academy.Sabour;
				PRODUCT_NAME = "$(TARGET_NAME)";
				SUPPORTED_PLATFORMS = "iphoneos iphonesimulator";
				SUPPORTS_MACCATALYST = NO;
				SWIFT_EMIT_LOC_STRINGS = YES;
				SWIFT_VERSION = 5.0;
				TARGETED_DEVICE_FAMILY = 1;
			};
			name = Release;
		};
		CDBB5C302DBAB83900C5D42D /* Debug */ = {
			isa = XCBuildConfiguration;
			buildSettings = {
				BUNDLE_LOADER = "$(TEST_HOST)";
				CODE_SIGN_STYLE = Automatic;
				CURRENT_PROJECT_VERSION = 1;
				GENERATE_INFOPLIST_FILE = YES;
				IPHONEOS_DEPLOYMENT_TARGET = 18.4;
				MARKETING_VERSION = 1.0;
				PRODUCT_BUNDLE_IDENTIFIER = com.Academy.KitchenTests;
				PRODUCT_NAME = "$(TARGET_NAME)";
				SWIFT_EMIT_LOC_STRINGS = NO;
				SWIFT_VERSION = 5.0;
				TARGETED_DEVICE_FAMILY = "1,2";
				TEST_HOST = "$(BUILT_PRODUCTS_DIR)/Sabour.app/$(BUNDLE_EXECUTABLE_FOLDER_PATH)/Sabour";
			};
			name = Debug;
		};
		CDBB5C312DBAB83900C5D42D /* Release */ = {
			isa = XCBuildConfiguration;
			buildSettings = {
				BUNDLE_LOADER = "$(TEST_HOST)";
				CODE_SIGN_STYLE = Automatic;
				CURRENT_PROJECT_VERSION = 1;
				GENERATE_INFOPLIST_FILE = YES;
				IPHONEOS_DEPLOYMENT_TARGET = 18.4;
				MARKETING_VERSION = 1.0;
				PRODUCT_BUNDLE_IDENTIFIER = com.Academy.KitchenTests;
				PRODUCT_NAME = "$(TARGET_NAME)";
				SWIFT_EMIT_LOC_STRINGS = NO;
				SWIFT_VERSION = 5.0;
				TARGETED_DEVICE_FAMILY = "1,2";
				TEST_HOST = "$(BUILT_PRODUCTS_DIR)/Sabour.app/$(BUNDLE_EXECUTABLE_FOLDER_PATH)/Sabour";
			};
			name = Release;
		};
		CDBB5C332DBAB83900C5D42D /* Debug */ = {
			isa = XCBuildConfiguration;
			buildSettings = {
				CODE_SIGN_STYLE = Automatic;
				CURRENT_PROJECT_VERSION = 1;
				GENERATE_INFOPLIST_FILE = YES;
				MARKETING_VERSION = 1.0;
				PRODUCT_BUNDLE_IDENTIFIER = com.Academy.KitchenUITests;
				PRODUCT_NAME = "$(TARGET_NAME)";
				SWIFT_EMIT_LOC_STRINGS = NO;
				SWIFT_VERSION = 5.0;
				TARGETED_DEVICE_FAMILY = "1,2";
				TEST_TARGET_NAME = Kitchen;
			};
			name = Debug;
		};
		CDBB5C342DBAB83900C5D42D /* Release */ = {
			isa = XCBuildConfiguration;
			buildSettings = {
				CODE_SIGN_STYLE = Automatic;
				CURRENT_PROJECT_VERSION = 1;
				GENERATE_INFOPLIST_FILE = YES;
				MARKETING_VERSION = 1.0;
				PRODUCT_BUNDLE_IDENTIFIER = com.Academy.KitchenUITests;
				PRODUCT_NAME = "$(TARGET_NAME)";
				SWIFT_EMIT_LOC_STRINGS = NO;
				SWIFT_VERSION = 5.0;
				TARGETED_DEVICE_FAMILY = "1,2";
				TEST_TARGET_NAME = Kitchen;
			};
			name = Release;
		};
/* End XCBuildConfiguration section */

/* Begin XCConfigurationList section */
		CDBB5C062DBAB83800C5D42D /* Build configuration list for PBXProject "Sabour" */ = {
			isa = XCConfigurationList;
			buildConfigurations = (
				CDBB5C2A2DBAB83900C5D42D /* Debug */,
				CDBB5C2B2DBAB83900C5D42D /* Release */,
			);
			defaultConfigurationIsVisible = 0;
			defaultConfigurationName = Release;
		};
		CDBB5C2C2DBAB83900C5D42D /* Build configuration list for PBXNativeTarget "Sabour" */ = {
			isa = XCConfigurationList;
			buildConfigurations = (
				CDBB5C2D2DBAB83900C5D42D /* Debug */,
				CDBB5C2E2DBAB83900C5D42D /* Release */,
			);
			defaultConfigurationIsVisible = 0;
			defaultConfigurationName = Release;
		};
		CDBB5C2F2DBAB83900C5D42D /* Build configuration list for PBXNativeTarget "SabourTests" */ = {
			isa = XCConfigurationList;
			buildConfigurations = (
				CDBB5C302DBAB83900C5D42D /* Debug */,
				CDBB5C312DBAB83900C5D42D /* Release */,
			);
			defaultConfigurationIsVisible = 0;
			defaultConfigurationName = Release;
		};
		CDBB5C322DBAB83900C5D42D /* Build configuration list for PBXNativeTarget "SabourUITests" */ = {
			isa = XCConfigurationList;
			buildConfigurations = (
				CDBB5C332DBAB83900C5D42D /* Debug */,
				CDBB5C342DBAB83900C5D42D /* Release */,
			);
			defaultConfigurationIsVisible = 0;
			defaultConfigurationName = Release;
		};
/* End XCConfigurationList section */

/* Begin XCRemoteSwiftPackageReference section */
		CD4380662DEF67FC0095674D /* XCRemoteSwiftPackageReference "dotlottie-ios" */ = {
			isa = XCRemoteSwiftPackageReference;
			repositoryURL = "https://github.com/LottieFiles/dotlottie-ios";
			requirement = {
				branch = main;
				kind = branch;
			};
		};
/* End XCRemoteSwiftPackageReference section */

/* Begin XCSwiftPackageProductDependency section */
		CD4380672DEF69320095674D /* DotLottie */ = {
			isa = XCSwiftPackageProductDependency;
			package = CD4380662DEF67FC0095674D /* XCRemoteSwiftPackageReference "dotlottie-ios" */;
			productName = DotLottie;
		};
/* End XCSwiftPackageProductDependency section */
	};
	rootObject = CDBB5C032DBAB83800C5D42D /* Project object */;
}
